
Microsoft Visual Studio Solution File, Format Version 12.00
# Visual Studio Version 16
VisualStudioVersion = 16.0.31424.327
MinimumVisualStudioVersion = 10.0.40219.1
Project("{FAE04EC0-301F-11D3-BF4B-00C04F79EFBC}") = "ImageGalleryApp", "ImageGalleryApp\ImageGalleryApp.csproj", "{4FEE307C-FCE1-4F3E-9C93-4AF7D377C789}"
EndProject
Global
	GlobalSection(SolutionConfigurationPlatforms) = preSolution
		Debug|Any CPU = Debug|Any CPU
		Release|Any CPU = Release|Any CPU
	EndGlobalSection
	GlobalSection(ProjectConfigurationPlatforms) = postSolution
		{4FEE307C-FCE1-4F3E-9C93-4AF7D377C789}.Debug|Any CPU.ActiveCfg = Debug|Any CPU
		{4FEE307C-FCE1-4F3E-9C93-4AF7D377C789}.Debug|Any CPU.Build.0 = Debug|Any CPU
		{4FEE307C-FCE1-4F3E-9C93-4AF7D377C789}.Release|Any CPU.ActiveCfg = Release|Any CPU
		{4FEE307C-FCE1-4F3E-9C93-4AF7D377C789}.Release|Any CPU.Build.0 = Release|Any CPU
	EndGlobalSection
	GlobalSection(SolutionProperties) = preSolution
		HideSolutionNode = FALSE
	EndGlobalSection
	GlobalSection(ExtensibilityGlobals) = postSolution
		SolutionGuid = {32369EBE-FE8D-4410-9949-0D7BFC38AE1D}
	EndGlobalSection
EndGlobal
